
Microsoft Visual Studio Solution File, Format Version 12.00
# Visual Studio 15
VisualStudioVersion = 15.0.26730.16
MinimumVisualStudioVersion = 10.0.40219.1
Project("{FAE04EC0-301F-11D3-BF4B-00C04F79EFBC}") = "Test_Project", "Test_Project\Test_Project.csproj", "{5852A8DA-A5CE-4832-B467-D9FC9215518C}"
EndProject
Project("{FAE04EC0-301F-11D3-BF4B-00C04F79EFBC}") = "SortingAlgorithms", "SortingAlgorithms\SortingAlgorithms.csproj", "{A19117C8-C766-4D2C-9855-BE6BD622BF83}"
EndProject
Global
	GlobalSection(SolutionConfigurationPlatforms) = preSolution
		Debug|Any CPU = Debug|Any CPU
		Release|Any CPU = Release|Any CPU
	EndGlobalSection
	GlobalSection(ProjectConfigurationPlatforms) = postSolution
		{5852A8DA-A5CE-4832-B467-D9FC9215518C}.Debug|Any CPU.ActiveCfg = Debug|Any CPU
		{5852A8DA-A5CE-4832-B467-D9FC9215518C}.Debug|Any CPU.Build.0 = Debug|Any CPU
		{5852A8DA-A5CE-4832-B467-D9FC9215518C}.Release|Any CPU.ActiveCfg = Release|Any CPU
		{5852A8DA-A5CE-4832-B467-D9FC9215518C}.Release|Any CPU.Build.0 = Release|Any CPU
		{A19117C8-C766-4D2C-9855-BE6BD622BF83}.Debug|Any CPU.ActiveCfg = Debug|Any CPU
		{A19117C8-C766-4D2C-9855-BE6BD622BF83}.Debug|Any CPU.Build.0 = Debug|Any CPU
		{A19117C8-C766-4D2C-9855-BE6BD622BF83}.Release|Any CPU.ActiveCfg = Release|Any CPU
		{A19117C8-C766-4D2C-9855-BE6BD622BF83}.Release|Any CPU.Build.0 = Release|Any CPU
	EndGlobalSection
	GlobalSection(SolutionProperties) = preSolution
		HideSolutionNode = FALSE
	EndGlobalSection
	GlobalSection(ExtensibilityGlobals) = postSolution
		SolutionGuid = {EB839819-899A-4CFD-99F8-F2C9511F2448}
	EndGlobalSection
EndGlobal
